{
    "_readme": [
        "This file locks the dependencies of your project to a known state",
        "Read more about it at https://getcomposer.org/doc/01-basic-usage.md#installing-dependencies",
        "This file is @generated automatically"
    ],
    "content-hash": "9bc00ed2a3696b010c6391f429197d3d",
    "packages": [
        {
            "name": "umonkey/php-dbal",
            "version": "dev-master",
            "source": {
                "type": "git",
                "url": "https://github.com/umonkey/php-dbal.git",
                "reference": "f997dd4743bc65700449e1833fd1f724337f1d7e"
            },
            "dist": {
                "type": "zip",
                "url": "https://api.github.com/repos/umonkey/php-dbal/zipball/f997dd4743bc65700449e1833fd1f724337f1d7e",
                "reference": "f997dd4743bc65700449e1833fd1f724337f1d7e",
                "shasum": ""
            },
            "require": {
                "php": ">=7.2"
            },
            "type": "library",
            "autoload": {
                "psr-4": {
                    "Umonkey\\TaskQueue\\": "src"
                }
            },
            "notification-url": "https://packagist.org/downloads/",
            "license": [
                "MIT"
            ],
            "authors": [
                {
                    "name": "Justin Forest",
                    "email": "hex@umonkey.net"
                }
            ],
            "description": "Simple database abstraction layer",
            "homepage": "https://github.com/umonkey/php-dbal/",
            "time": "2020-06-19T06:27:25+00:00"
        }
    ],
    "packages-dev": [],
    "aliases": [],
    "minimum-stability": "dev",
    "stability-flags": [],
    "prefer-stable": false,
    "prefer-lowest": false,
    "platform": {
        "php": ">=7.2"
    },
    "platform-dev": [],
    "plugin-api-version": "1.1.0"
}
